
Microsoft Visual Studio Solution File, Format Version 12.00
# Visual Studio Version 17
VisualStudioVersion = 17.14.36221.1
MinimumVisualStudioVersion = 10.0.40219.1
Project("{FAE04EC0-301F-11D3-BF4B-00C04F79EFBC}") = "ConsoleApp.OutputDemo", "ConsoleApp.OutputDemo\ConsoleApp.OutputDemo.csproj", "{8BC9D9CE-8E3E-492D-8DE3-4A461784FAED}"
EndProject
Project("{FAE04EC0-301F-11D3-BF4B-00C04F79EFBC}") = "ConsoleApp.UserInputDemo", "ConsoleApp.UserInputDemo\ConsoleApp.UserInputDemo.csproj", "{C8FFE707-6BF3-4051-8045-C56F21740F84}"
EndProject
Project("{FAE04EC0-301F-11D3-BF4B-00C04F79EFBC}") = "ConsoleApp.Operators", "ConsoleApp.Operators\ConsoleApp.Operators.csproj", "{4C3B691D-3881-41BC-AFCC-54BFF2909E89}"
EndProject
Global
	GlobalSection(SolutionConfigurationPlatforms) = preSolution
		Debug|Any CPU = Debug|Any CPU
		Release|Any CPU = Release|Any CPU
	EndGlobalSection
	GlobalSection(ProjectConfigurationPlatforms) = postSolution
		{8BC9D9CE-8E3E-492D-8DE3-4A461784FAED}.Debug|Any CPU.ActiveCfg = Debug|Any CPU
		{8BC9D9CE-8E3E-492D-8DE3-4A461784FAED}.Debug|Any CPU.Build.0 = Debug|Any CPU
		{8BC9D9CE-8E3E-492D-8DE3-4A461784FAED}.Release|Any CPU.ActiveCfg = Release|Any CPU
		{8BC9D9CE-8E3E-492D-8DE3-4A461784FAED}.Release|Any CPU.Build.0 = Release|Any CPU
		{C8FFE707-6BF3-4051-8045-C56F21740F84}.Debug|Any CPU.ActiveCfg = Debug|Any CPU
		{C8FFE707-6BF3-4051-8045-C56F21740F84}.Debug|Any CPU.Build.0 = Debug|Any CPU
		{C8FFE707-6BF3-4051-8045-C56F21740F84}.Release|Any CPU.ActiveCfg = Release|Any CPU
		{C8FFE707-6BF3-4051-8045-C56F21740F84}.Release|Any CPU.Build.0 = Release|Any CPU
		{4C3B691D-3881-41BC-AFCC-54BFF2909E89}.Debug|Any CPU.ActiveCfg = Debug|Any CPU
		{4C3B691D-3881-41BC-AFCC-54BFF2909E89}.Debug|Any CPU.Build.0 = Debug|Any CPU
		{4C3B691D-3881-41BC-AFCC-54BFF2909E89}.Release|Any CPU.ActiveCfg = Release|Any CPU
		{4C3B691D-3881-41BC-AFCC-54BFF2909E89}.Release|Any CPU.Build.0 = Release|Any CPU
	EndGlobalSection
	GlobalSection(SolutionProperties) = preSolution
		HideSolutionNode = FALSE
	EndGlobalSection
	GlobalSection(ExtensibilityGlobals) = postSolution
		SolutionGuid = {D37A4C29-8353-41C1-ABB4-7C65D70B256B}
	EndGlobalSection
EndGlobal
